
Microsoft Visual Studio Solution File, Format Version 12.00
# Visual Studio Version 17
VisualStudioVersion = 17.14.35906.104
MinimumVisualStudioVersion = 10.0.40219.1
Project("{FAE04EC0-301F-11D3-BF4B-00C04F79EFBC}") = "BBCFReplayLib", "BBCFReplayLib\BBCFReplayLib.csproj", "{4E0CCB66-7AEC-9FDD-37E9-690383035F1B}"
EndProject
Project("{FAE04EC0-301F-11D3-BF4B-00C04F79EFBC}") = "BBCFReplayConsole", "BBCFReplayConsole\BBCFReplayConsole.csproj", "{BD04D46E-CF2C-AE28-84D6-0459CC03D320}"
EndProject
Project("{FAE04EC0-301F-11D3-BF4B-00C04F79EFBC}") = "BBCFReplayLib.Tests", "BBCFReplayLib.Tests\BBCFReplayLib.Tests.csproj", "{BEE394DA-5AE7-4EDC-B864-7ADF8588AD70}"
EndProject
Global
	GlobalSection(SolutionConfigurationPlatforms) = preSolution
		Debug|Any CPU = Debug|Any CPU
		Release|Any CPU = Release|Any CPU
	EndGlobalSection
	GlobalSection(ProjectConfigurationPlatforms) = postSolution
		{4E0CCB66-7AEC-9FDD-37E9-690383035F1B}.Debug|Any CPU.ActiveCfg = Debug|Any CPU
		{4E0CCB66-7AEC-9FDD-37E9-690383035F1B}.Debug|Any CPU.Build.0 = Debug|Any CPU
		{4E0CCB66-7AEC-9FDD-37E9-690383035F1B}.Release|Any CPU.ActiveCfg = Release|Any CPU
		{4E0CCB66-7AEC-9FDD-37E9-690383035F1B}.Release|Any CPU.Build.0 = Release|Any CPU
		{BD04D46E-CF2C-AE28-84D6-0459CC03D320}.Debug|Any CPU.ActiveCfg = Debug|Any CPU
		{BD04D46E-CF2C-AE28-84D6-0459CC03D320}.Debug|Any CPU.Build.0 = Debug|Any CPU
		{BD04D46E-CF2C-AE28-84D6-0459CC03D320}.Release|Any CPU.ActiveCfg = Release|Any CPU
		{BD04D46E-CF2C-AE28-84D6-0459CC03D320}.Release|Any CPU.Build.0 = Release|Any CPU
		{BEE394DA-5AE7-4EDC-B864-7ADF8588AD70}.Debug|Any CPU.ActiveCfg = Debug|Any CPU
		{BEE394DA-5AE7-4EDC-B864-7ADF8588AD70}.Debug|Any CPU.Build.0 = Debug|Any CPU
		{BEE394DA-5AE7-4EDC-B864-7ADF8588AD70}.Release|Any CPU.ActiveCfg = Release|Any CPU
		{BEE394DA-5AE7-4EDC-B864-7ADF8588AD70}.Release|Any CPU.Build.0 = Release|Any CPU
	EndGlobalSection
	GlobalSection(SolutionProperties) = preSolution
		HideSolutionNode = FALSE
	EndGlobalSection
	GlobalSection(ExtensibilityGlobals) = postSolution
		SolutionGuid = {6EBE74B4-CCF5-43D7-94DF-D0A3FE2CF518}
	EndGlobalSection
EndGlobal
